// !$*UTF8*$!
{
	archiveVersion = 1;
	classes = {
	};
	objectVersion = 46;
	objects = {

/* Begin PBXBuildFile section */
		174798761C72667B004D75A6 /* PreventComplicationsViewController.swift in Sources */ = {isa = PBXBuildFile; fileRef = 174798751C72667B004D75A6 /* PreventComplicationsViewController.swift */; };
		404C8EBF1C691BB8000C676F /* CountingCarbsViewController.swift in Sources */ = {isa = PBXBuildFile; fileRef = 404C8EBE1C691BB8000C676F /* CountingCarbsViewController.swift */; };
		40E497E01C5EBB8C00ECB5F1 /* AppDelegate.swift in Sources */ = {isa = PBXBuildFile; fileRef = 40E497DF1C5EBB8C00ECB5F1 /* AppDelegate.swift */; };
		40E497E21C5EBB8C00ECB5F1 /* ViewController.swift in Sources */ = {isa = PBXBuildFile; fileRef = 40E497E11C5EBB8C00ECB5F1 /* ViewController.swift */; };
		40E497E51C5EBB8C00ECB5F1 /* Main.storyboard in Resources */ = {isa = PBXBuildFile; fileRef = 40E497E31C5EBB8C00ECB5F1 /* Main.storyboard */; };
		40E497E71C5EBB8C00ECB5F1 /* Assets.xcassets in Resources */ = {isa = PBXBuildFile; fileRef = 40E497E61C5EBB8C00ECB5F1 /* Assets.xcassets */; };
		40E497EA1C5EBB8C00ECB5F1 /* LaunchScreen.storyboard in Resources */ = {isa = PBXBuildFile; fileRef = 40E497E81C5EBB8C00ECB5F1 /* LaunchScreen.storyboard */; };
		40E497F51C5EBB8D00ECB5F1 /* Diabetes_InformationTests.swift in Sources */ = {isa = PBXBuildFile; fileRef = 40E497F41C5EBB8D00ECB5F1 /* Diabetes_InformationTests.swift */; };
		40E498001C5EBB8D00ECB5F1 /* Diabetes_InformationUITests.swift in Sources */ = {isa = PBXBuildFile; fileRef = 40E497FF1C5EBB8D00ECB5F1 /* Diabetes_InformationUITests.swift */; };
		40E4980E1C5EC4BF00ECB5F1 /* ViewController2.swift in Sources */ = {isa = PBXBuildFile; fileRef = 40E4980D1C5EC4BF00ECB5F1 /* ViewController2.swift */; };
		40E498101C5EC52100ECB5F1 /* ViewController3.swift in Sources */ = {isa = PBXBuildFile; fileRef = 40E4980F1C5EC52100ECB5F1 /* ViewController3.swift */; };
		40E498111C5EC86E00ECB5F1 /* ViewController2.swift in Sources */ = {isa = PBXBuildFile; fileRef = 40E4980D1C5EC4BF00ECB5F1 /* ViewController2.swift */; };
		40E498121C5EC86E00ECB5F1 /* ViewController2.swift in Sources */ = {isa = PBXBuildFile; fileRef = 40E4980D1C5EC4BF00ECB5F1 /* ViewController2.swift */; };
		40E498131C5EC87F00ECB5F1 /* ViewController.swift in Sources */ = {isa = PBXBuildFile; fileRef = 40E497E11C5EBB8C00ECB5F1 /* ViewController.swift */; };
		40E498141C5EC87F00ECB5F1 /* ViewController.swift in Sources */ = {isa = PBXBuildFile; fileRef = 40E497E11C5EBB8C00ECB5F1 /* ViewController.swift */; };
		7315F6B31C8F6629009D9320 /* HealthyEating.storyboard in Resources */ = {isa = PBXBuildFile; fileRef = 7315F6B21C8F6629009D9320 /* HealthyEating.storyboard */; };
		7315F6B61C8F6C34009D9320 /* BloodSugar.storyboard in Resources */ = {isa = PBXBuildFile; fileRef = 7315F6B51C8F6C34009D9320 /* BloodSugar.storyboard */; };
		7315F6B91C8F7072009D9320 /* Insulin.storyboard in Resources */ = {isa = PBXBuildFile; fileRef = 7315F6B81C8F7072009D9320 /* Insulin.storyboard */; };
		7315F6BD1C8F7666009D9320 /* Complications.storyboard in Resources */ = {isa = PBXBuildFile; fileRef = 7315F6BC1C8F7666009D9320 /* Complications.storyboard */; };
		7316255A1C69419C0080EA25 /* CountingCarbsFinal.swift in Sources */ = {isa = PBXBuildFile; fileRef = 731625591C69419C0080EA25 /* CountingCarbsFinal.swift */; };
		7332948C1C63E70900159952 /* GeneralTipsViewController.swift in Sources */ = {isa = PBXBuildFile; fileRef = 7332948B1C63E70900159952 /* GeneralTipsViewController.swift */; };
		7342F7751C7B918D00F6FC0E /* ExerciseAndBloodViewController.swift in Sources */ = {isa = PBXBuildFile; fileRef = 7342F7741C7B918D00F6FC0E /* ExerciseAndBloodViewController.swift */; };
		73B8E1881C728221008DC8DA /* ExerciseGeneralTipsViewController.swift in Sources */ = {isa = PBXBuildFile; fileRef = 73B8E1871C728221008DC8DA /* ExerciseGeneralTipsViewController.swift */; };
		73C8ED0A1C8E108500A4FCEE /* SickDaysViewController.swift in Sources */ = {isa = PBXBuildFile; fileRef = 73C8ED091C8E108500A4FCEE /* SickDaysViewController.swift */; };
		73C8ED0D1C8E1CCB00A4FCEE /* Exercise.storyboard in Resources */ = {isa = PBXBuildFile; fileRef = 73C8ED0C1C8E1CCB00A4FCEE /* Exercise.storyboard */; };
		73F8592F1C63BD13003DDFF9 /* DiabetesInformationQuizModel.swift in Sources */ = {isa = PBXBuildFile; fileRef = 73F8592E1C63BD13003DDFF9 /* DiabetesInformationQuizModel.swift */; };
		F90E8D6E1CB1A5BC007DF51D /* Pics in Resources */ = {isa = PBXBuildFile; fileRef = F90E8D6D1CB1A5BC007DF51D /* Pics */; };
		F90E8D701CB1A61F007DF51D /* chips.png in Resources */ = {isa = PBXBuildFile; fileRef = F90E8D6F1CB1A61F007DF51D /* chips.png */; };
		F90E8D721CB1A63B007DF51D /* snickers.png in Resources */ = {isa = PBXBuildFile; fileRef = F90E8D711CB1A63B007DF51D /* snickers.png */; };
		F90E8D741CB1A642007DF51D /* FDA_Nutrition_Facts_Label_2006.png in Resources */ = {isa = PBXBuildFile; fileRef = F90E8D731CB1A642007DF51D /* FDA_Nutrition_Facts_Label_2006.png */; };
		F90E8D761CB1A648007DF51D /* cabinet.png in Resources */ = {isa = PBXBuildFile; fileRef = F90E8D751CB1A648007DF51D /* cabinet.png */; };
		F90E8D781CB1A65B007DF51D /* insulincooler.png in Resources */ = {isa = PBXBuildFile; fileRef = F90E8D771CB1A65B007DF51D /* insulincooler.png */; };
		F90E8D7A1CB1A660007DF51D /* no-cars1.png in Resources */ = {isa = PBXBuildFile; fileRef = F90E8D791CB1A660007DF51D /* no-cars1.png */; };
		F90E8D7C1CB1A664007DF51D /* NoFreezer.png in Resources */ = {isa = PBXBuildFile; fileRef = F90E8D7B1CB1A664007DF51D /* NoFreezer.png */; };
		F90E8D7E1CB1A7FE007DF51D /* insulinvial.png in Resources */ = {isa = PBXBuildFile; fileRef = F90E8D7D1CB1A7FE007DF51D /* insulinvial.png */; };
		F94A7A9B1C6FD23C00F4FF0E /* DrawInsulinViewController.swift in Sources */ = {isa = PBXBuildFile; fileRef = F94A7A9A1C6FD23C00F4FF0E /* DrawInsulinViewController.swift */; };
		F9571B471C7A5012003557DA /* InsulinBasicsViewController.swift in Sources */ = {isa = PBXBuildFile; fileRef = F9571B461C7A5012003557DA /* InsulinBasicsViewController.swift */; };
		F9689B271C8DF9AC0054CEF7 /* CheckSugarPageViewController.swift in Sources */ = {isa = PBXBuildFile; fileRef = F9689B251C8DF9AC0054CEF7 /* CheckSugarPageViewController.swift */; };
		F9689B281C8DF9AC0054CEF7 /* SugarLevelPageViewController.swift in Sources */ = {isa = PBXBuildFile; fileRef = F9689B261C8DF9AC0054CEF7 /* SugarLevelPageViewController.swift */; };
		F96A29AA1C61999C007D9A54 /* Screen Shot 2016-02-02 at 8.09.46 PM.png in Resources */ = {isa = PBXBuildFile; fileRef = F96A29A91C61999C007D9A54 /* Screen Shot 2016-02-02 at 8.09.46 PM.png */; };
/* End PBXBuildFile section */

/* Begin PBXContainerItemProxy section */
		40E497F11C5EBB8D00ECB5F1 /* PBXContainerItemProxy */ = {
			isa = PBXContainerItemProxy;
			containerPortal = 40E497D41C5EBB8C00ECB5F1 /* Project object */;
			proxyType = 1;
			remoteGlobalIDString = 40E497DB1C5EBB8C00ECB5F1;
			remoteInfo = "Diabetes Information";
		};
		40E497FC1C5EBB8D00ECB5F1 /* PBXContainerItemProxy */ = {
			isa = PBXContainerItemProxy;
			containerPortal = 40E497D41C5EBB8C00ECB5F1 /* Project object */;
			proxyType = 1;
			remoteGlobalIDString = 40E497DB1C5EBB8C00ECB5F1;
			remoteInfo = "Diabetes Information";
		};
/* End PBXContainerItemProxy section */

/* Begin PBXFileReference section */
		174798751C72667B004D75A6 /* PreventComplicationsViewController.swift */ = {isa = PBXFileReference; fileEncoding = 4; lastKnownFileType = sourcecode.swift; path = PreventComplicationsViewController.swift; sourceTree = "<group>"; };
		404C8EBE1C691BB8000C676F /* CountingCarbsViewController.swift */ = {isa = PBXFileReference; fileEncoding = 4; lastKnownFileType = sourcecode.swift; path = CountingCarbsViewController.swift; sourceTree = "<group>"; };
		40E497DC1C5EBB8C00ECB5F1 /* Diabetes Information.app */ = {isa = PBXFileReference; explicitFileType = wrapper.application; includeInIndex = 0; path = "Diabetes Information.app"; sourceTree = BUILT_PRODUCTS_DIR; };
		40E497DF1C5EBB8C00ECB5F1 /* AppDelegate.swift */ = {isa = PBXFileReference; lastKnownFileType = sourcecode.swift; path = AppDelegate.swift; sourceTree = "<group>"; };
		40E497E11C5EBB8C00ECB5F1 /* ViewController.swift */ = {isa = PBXFileReference; lastKnownFileType = sourcecode.swift; path = ViewController.swift; sourceTree = "<group>"; };
		40E497E41C5EBB8C00ECB5F1 /* Base */ = {isa = PBXFileReference; lastKnownFileType = file.storyboard; name = Base; path = Base.lproj/Main.storyboard; sourceTree = "<group>"; };
		40E497E61C5EBB8C00ECB5F1 /* Assets.xcassets */ = {isa = PBXFileReference; lastKnownFileType = folder.assetcatalog; path = Assets.xcassets; sourceTree = "<group>"; };
		40E497E91C5EBB8C00ECB5F1 /* Base */ = {isa = PBXFileReference; lastKnownFileType = file.storyboard; name = Base; path = Base.lproj/LaunchScreen.storyboard; sourceTree = "<group>"; };
		40E497EB1C5EBB8C00ECB5F1 /* Info.plist */ = {isa = PBXFileReference; lastKnownFileType = text.plist.xml; path = Info.plist; sourceTree = "<group>"; };
		40E497F01C5EBB8D00ECB5F1 /* Diabetes InformationTests.xctest */ = {isa = PBXFileReference; explicitFileType = wrapper.cfbundle; includeInIndex = 0; path = "Diabetes InformationTests.xctest"; sourceTree = BUILT_PRODUCTS_DIR; };
		40E497F41C5EBB8D00ECB5F1 /* Diabetes_InformationTests.swift */ = {isa = PBXFileReference; lastKnownFileType = sourcecode.swift; path = Diabetes_InformationTests.swift; sourceTree = "<group>"; };
		40E497F61C5EBB8D00ECB5F1 /* Info.plist */ = {isa = PBXFileReference; lastKnownFileType = text.plist.xml; path = Info.plist; sourceTree = "<group>"; };
		40E497FB1C5EBB8D00ECB5F1 /* Diabetes InformationUITests.xctest */ = {isa = PBXFileReference; explicitFileType = wrapper.cfbundle; includeInIndex = 0; path = "Diabetes InformationUITests.xctest"; sourceTree = BUILT_PRODUCTS_DIR; };
		40E497FF1C5EBB8D00ECB5F1 /* Diabetes_InformationUITests.swift */ = {isa = PBXFileReference; lastKnownFileType = sourcecode.swift; path = Diabetes_InformationUITests.swift; sourceTree = "<group>"; };
		40E498011C5EBB8D00ECB5F1 /* Info.plist */ = {isa = PBXFileReference; lastKnownFileType = text.plist.xml; path = Info.plist; sourceTree = "<group>"; };
		40E4980D1C5EC4BF00ECB5F1 /* ViewController2.swift */ = {isa = PBXFileReference; fileEncoding = 4; lastKnownFileType = sourcecode.swift; path = ViewController2.swift; sourceTree = "<group>"; };
		40E4980F1C5EC52100ECB5F1 /* ViewController3.swift */ = {isa = PBXFileReference; fileEncoding = 4; lastKnownFileType = sourcecode.swift; path = ViewController3.swift; sourceTree = "<group>"; };
		7315F6B21C8F6629009D9320 /* HealthyEating.storyboard */ = {isa = PBXFileReference; fileEncoding = 4; lastKnownFileType = file.storyboard; path = HealthyEating.storyboard; sourceTree = "<group>"; };
		7315F6B51C8F6C34009D9320 /* BloodSugar.storyboard */ = {isa = PBXFileReference; fileEncoding = 4; lastKnownFileType = file.storyboard; path = BloodSugar.storyboard; sourceTree = "<group>"; };
		7315F6B81C8F7072009D9320 /* Insulin.storyboard */ = {isa = PBXFileReference; fileEncoding = 4; lastKnownFileType = file.storyboard; path = Insulin.storyboard; sourceTree = "<group>"; };
		7315F6BC1C8F7666009D9320 /* Complications.storyboard */ = {isa = PBXFileReference; fileEncoding = 4; lastKnownFileType = file.storyboard; path = Complications.storyboard; sourceTree = "<group>"; };
		731625591C69419C0080EA25 /* CountingCarbsFinal.swift */ = {isa = PBXFileReference; fileEncoding = 4; lastKnownFileType = sourcecode.swift; path = CountingCarbsFinal.swift; sourceTree = "<group>"; };
		7332948B1C63E70900159952 /* GeneralTipsViewController.swift */ = {isa = PBXFileReference; fileEncoding = 4; lastKnownFileType = sourcecode.swift; path = GeneralTipsViewController.swift; sourceTree = "<group>"; };
		7342F7741C7B918D00F6FC0E /* ExerciseAndBloodViewController.swift */ = {isa = PBXFileReference; fileEncoding = 4; lastKnownFileType = sourcecode.swift; path = ExerciseAndBloodViewController.swift; sourceTree = "<group>"; };
		73B8E1871C728221008DC8DA /* ExerciseGeneralTipsViewController.swift */ = {isa = PBXFileReference; fileEncoding = 4; lastKnownFileType = sourcecode.swift; path = ExerciseGeneralTipsViewController.swift; sourceTree = "<group>"; };
		73C8ED091C8E108500A4FCEE /* SickDaysViewController.swift */ = {isa = PBXFileReference; fileEncoding = 4; lastKnownFileType = sourcecode.swift; path = SickDaysViewController.swift; sourceTree = "<group>"; };
		73C8ED0C1C8E1CCB00A4FCEE /* Exercise.storyboard */ = {isa = PBXFileReference; fileEncoding = 4; lastKnownFileType = file.storyboard; path = Exercise.storyboard; sourceTree = "<group>"; };
		73F8592E1C63BD13003DDFF9 /* DiabetesInformationQuizModel.swift */ = {isa = PBXFileReference; fileEncoding = 4; lastKnownFileType = sourcecode.swift; name = DiabetesInformationQuizModel.swift; path = ../DiabetesInformationQuizModel.swift; sourceTree = "<group>"; };
		F90E8D6D1CB1A5BC007DF51D /* Pics */ = {isa = PBXFileReference; lastKnownFileType = folder; path = Pics; sourceTree = "<group>"; };
		F90E8D6F1CB1A61F007DF51D /* chips.png */ = {isa = PBXFileReference; lastKnownFileType = image.png; name = chips.png; path = Pics/chips.png; sourceTree = "<group>"; };
		F90E8D711CB1A63B007DF51D /* snickers.png */ = {isa = PBXFileReference; lastKnownFileType = image.png; name = snickers.png; path = Pics/snickers.png; sourceTree = "<group>"; };
		F90E8D731CB1A642007DF51D /* FDA_Nutrition_Facts_Label_2006.png */ = {isa = PBXFileReference; lastKnownFileType = image.png; name = FDA_Nutrition_Facts_Label_2006.png; path = Pics/FDA_Nutrition_Facts_Label_2006.png; sourceTree = "<group>"; };
		F90E8D751CB1A648007DF51D /* cabinet.png */ = {isa = PBXFileReference; lastKnownFileType = image.png; name = cabinet.png; path = Pics/cabinet.png; sourceTree = "<group>"; };
		F90E8D771CB1A65B007DF51D /* insulincooler.png */ = {isa = PBXFileReference; lastKnownFileType = image.png; name = insulincooler.png; path = Pics/insulincooler.png; sourceTree = "<group>"; };
		F90E8D791CB1A660007DF51D /* no-cars1.png */ = {isa = PBXFileReference; lastKnownFileType = image.png; name = "no-cars1.png"; path = "Pics/no-cars1.png"; sourceTree = "<group>"; };
		F90E8D7B1CB1A664007DF51D /* NoFreezer.png */ = {isa = PBXFileReference; lastKnownFileType = image.png; name = NoFreezer.png; path = Pics/NoFreezer.png; sourceTree = "<group>"; };
		F90E8D7D1CB1A7FE007DF51D /* insulinvial.png */ = {isa = PBXFileReference; lastKnownFileType = image.png; name = insulinvial.png; path = Pics/insulinvial.png; sourceTree = "<group>"; };
		F94A7A9A1C6FD23C00F4FF0E /* DrawInsulinViewController.swift */ = {isa = PBXFileReference; fileEncoding = 4; lastKnownFileType = sourcecode.swift; path = DrawInsulinViewController.swift; sourceTree = "<group>"; };
		F9571B461C7A5012003557DA /* InsulinBasicsViewController.swift */ = {isa = PBXFileReference; fileEncoding = 4; lastKnownFileType = sourcecode.swift; path = InsulinBasicsViewController.swift; sourceTree = "<group>"; };
		F9689B251C8DF9AC0054CEF7 /* CheckSugarPageViewController.swift */ = {isa = PBXFileReference; fileEncoding = 4; lastKnownFileType = sourcecode.swift; path = CheckSugarPageViewController.swift; sourceTree = "<group>"; };
		F9689B261C8DF9AC0054CEF7 /* SugarLevelPageViewController.swift */ = {isa = PBXFileReference; fileEncoding = 4; lastKnownFileType = sourcecode.swift; path = SugarLevelPageViewController.swift; sourceTree = "<group>"; };
		F96A29A91C61999C007D9A54 /* Screen Shot 2016-02-02 at 8.09.46 PM.png */ = {isa = PBXFileReference; lastKnownFileType = image.png; path = "Screen Shot 2016-02-02 at 8.09.46 PM.png"; sourceTree = "<group>"; };
/* End PBXFileReference section */

/* Begin PBXFrameworksBuildPhase section */
		40E497D91C5EBB8C00ECB5F1 /* Frameworks */ = {
			isa = PBXFrameworksBuildPhase;
			buildActionMask = 2147483647;
			files = (
			);
			runOnlyForDeploymentPostprocessing = 0;
		};
		40E497ED1C5EBB8D00ECB5F1 /* Frameworks */ = {
			isa = PBXFrameworksBuildPhase;
			buildActionMask = 2147483647;
			files = (
			);
			runOnlyForDeploymentPostprocessing = 0;
		};
		40E497F81C5EBB8D00ECB5F1 /* Frameworks */ = {
			isa = PBXFrameworksBuildPhase;
			buildActionMask = 2147483647;
			files = (
			);
			runOnlyForDeploymentPostprocessing = 0;
		};
/* End PBXFrameworksBuildPhase section */

/* Begin PBXGroup section */
		40E497D31C5EBB8C00ECB5F1 = {
			isa = PBXGroup;
			children = (
				40E497DE1C5EBB8C00ECB5F1 /* Diabetes Information */,
				40E497F31C5EBB8D00ECB5F1 /* Diabetes InformationTests */,
				40E497FE1C5EBB8D00ECB5F1 /* Diabetes InformationUITests */,
				40E497DD1C5EBB8C00ECB5F1 /* Products */,
			);
			sourceTree = "<group>";
		};
		40E497DD1C5EBB8C00ECB5F1 /* Products */ = {
			isa = PBXGroup;
			children = (
				40E497DC1C5EBB8C00ECB5F1 /* Diabetes Information.app */,
				40E497F01C5EBB8D00ECB5F1 /* Diabetes InformationTests.xctest */,
				40E497FB1C5EBB8D00ECB5F1 /* Diabetes InformationUITests.xctest */,
			);
			name = Products;
			sourceTree = "<group>";
		};
		40E497DE1C5EBB8C00ECB5F1 /* Diabetes Information */ = {
			isa = PBXGroup;
			children = (
				F90E8D6D1CB1A5BC007DF51D /* Pics */,
				7315F6BA1C8F7638009D9320 /* Complications */,
				7315F6B71C8F7051009D9320 /* Insulin */,
				7315F6B41C8F6C06009D9320 /* Blood Sugar */,
				7315F6B11C8F65FD009D9320 /* Healthy Eating */,
				73C8ED0B1C8E1C9500A4FCEE /* Exercise */,
				40E4980D1C5EC4BF00ECB5F1 /* ViewController2.swift */,
				73F8592E1C63BD13003DDFF9 /* DiabetesInformationQuizModel.swift */,
				40E497DF1C5EBB8C00ECB5F1 /* AppDelegate.swift */,
				40E497E11C5EBB8C00ECB5F1 /* ViewController.swift */,
				40E497E31C5EBB8C00ECB5F1 /* Main.storyboard */,
				F90E8D7B1CB1A664007DF51D /* NoFreezer.png */,
				F90E8D791CB1A660007DF51D /* no-cars1.png */,
				F90E8D771CB1A65B007DF51D /* insulincooler.png */,
				F90E8D7D1CB1A7FE007DF51D /* insulinvial.png */,
				F90E8D731CB1A642007DF51D /* FDA_Nutrition_Facts_Label_2006.png */,
				F90E8D751CB1A648007DF51D /* cabinet.png */,
				F90E8D711CB1A63B007DF51D /* snickers.png */,
				F90E8D6F1CB1A61F007DF51D /* chips.png */,
				F96A29A91C61999C007D9A54 /* Screen Shot 2016-02-02 at 8.09.46 PM.png */,
				40E4980F1C5EC52100ECB5F1 /* ViewController3.swift */,
				40E497E61C5EBB8C00ECB5F1 /* Assets.xcassets */,
				40E497E81C5EBB8C00ECB5F1 /* LaunchScreen.storyboard */,
				40E497EB1C5EBB8C00ECB5F1 /* Info.plist */,
			);
			path = "Diabetes Information";
			sourceTree = "<group>";
		};
		40E497F31C5EBB8D00ECB5F1 /* Diabetes InformationTests */ = {
			isa = PBXGroup;
			children = (
				40E497F41C5EBB8D00ECB5F1 /* Diabetes_InformationTests.swift */,
				40E497F61C5EBB8D00ECB5F1 /* Info.plist */,
			);
			path = "Diabetes InformationTests";
			sourceTree = "<group>";
		};
		40E497FE1C5EBB8D00ECB5F1 /* Diabetes InformationUITests */ = {
			isa = PBXGroup;
			children = (
				40E497FF1C5EBB8D00ECB5F1 /* Diabetes_InformationUITests.swift */,
				40E498011C5EBB8D00ECB5F1 /* Info.plist */,
			);
			path = "Diabetes InformationUITests";
			sourceTree = "<group>";
		};
		7315F6B11C8F65FD009D9320 /* Healthy Eating */ = {
			isa = PBXGroup;
			children = (
				404C8EBE1C691BB8000C676F /* CountingCarbsViewController.swift */,
				7332948B1C63E70900159952 /* GeneralTipsViewController.swift */,
				731625591C69419C0080EA25 /* CountingCarbsFinal.swift */,
				7315F6B21C8F6629009D9320 /* HealthyEating.storyboard */,
			);
			name = "Healthy Eating";
			sourceTree = "<group>";
		};
		7315F6B41C8F6C06009D9320 /* Blood Sugar */ = {
			isa = PBXGroup;
			children = (
				F9689B251C8DF9AC0054CEF7 /* CheckSugarPageViewController.swift */,
				F9689B261C8DF9AC0054CEF7 /* SugarLevelPageViewController.swift */,
				7315F6B51C8F6C34009D9320 /* BloodSugar.storyboard */,
			);
			name = "Blood Sugar";
			sourceTree = "<group>";
		};
		7315F6B71C8F7051009D9320 /* Insulin */ = {
			isa = PBXGroup;
			children = (
				F94A7A9A1C6FD23C00F4FF0E /* DrawInsulinViewController.swift */,
				F9571B461C7A5012003557DA /* InsulinBasicsViewController.swift */,
				7315F6B81C8F7072009D9320 /* Insulin.storyboard */,
			);
			name = Insulin;
			sourceTree = "<group>";
		};
		7315F6BA1C8F7638009D9320 /* Complications */ = {
			isa = PBXGroup;
			children = (
				73C8ED091C8E108500A4FCEE /* SickDaysViewController.swift */,
				174798751C72667B004D75A6 /* PreventComplicationsViewController.swift */,
				7315F6BC1C8F7666009D9320 /* Complications.storyboard */,
			);
			name = Complications;
			sourceTree = "<group>";
		};
		73C8ED0B1C8E1C9500A4FCEE /* Exercise */ = {
			isa = PBXGroup;
			children = (
				73B8E1871C728221008DC8DA /* ExerciseGeneralTipsViewController.swift */,
				7342F7741C7B918D00F6FC0E /* ExerciseAndBloodViewController.swift */,
				73C8ED0C1C8E1CCB00A4FCEE /* Exercise.storyboard */,
			);
			name = Exercise;
			sourceTree = "<group>";
		};
/* End PBXGroup section */

/* Begin PBXNativeTarget section */
		40E497DB1C5EBB8C00ECB5F1 /* Diabetes Information */ = {
			isa = PBXNativeTarget;
			buildConfigurationList = 40E498041C5EBB8D00ECB5F1 /* Build configuration list for PBXNativeTarget "Diabetes Information" */;
			buildPhases = (
				40E497D81C5EBB8C00ECB5F1 /* Sources */,
				40E497D91C5EBB8C00ECB5F1 /* Frameworks */,
				40E497DA1C5EBB8C00ECB5F1 /* Resources */,
			);
			buildRules = (
			);
			dependencies = (
			);
			name = "Diabetes Information";
			productName = "Diabetes Information";
			productReference = 40E497DC1C5EBB8C00ECB5F1 /* Diabetes Information.app */;
			productType = "com.apple.product-type.application";
		};
		40E497EF1C5EBB8D00ECB5F1 /* Diabetes InformationTests */ = {
			isa = PBXNativeTarget;
			buildConfigurationList = 40E498071C5EBB8D00ECB5F1 /* Build configuration list for PBXNativeTarget "Diabetes InformationTests" */;
			buildPhases = (
				40E497EC1C5EBB8D00ECB5F1 /* Sources */,
				40E497ED1C5EBB8D00ECB5F1 /* Frameworks */,
				40E497EE1C5EBB8D00ECB5F1 /* Resources */,
			);
			buildRules = (
			);
			dependencies = (
				40E497F21C5EBB8D00ECB5F1 /* PBXTargetDependency */,
			);
			name = "Diabetes InformationTests";
			productName = "Diabetes InformationTests";
			productReference = 40E497F01C5EBB8D00ECB5F1 /* Diabetes InformationTests.xctest */;
			productType = "com.apple.product-type.bundle.unit-test";
		};
		40E497FA1C5EBB8D00ECB5F1 /* Diabetes InformationUITests */ = {
			isa = PBXNativeTarget;
			buildConfigurationList = 40E4980A1C5EBB8D00ECB5F1 /* Build configuration list for PBXNativeTarget "Diabetes InformationUITests" */;
			buildPhases = (
				40E497F71C5EBB8D00ECB5F1 /* Sources */,
				40E497F81C5EBB8D00ECB5F1 /* Frameworks */,
				40E497F91C5EBB8D00ECB5F1 /* Resources */,
			);
			buildRules = (
			);
			dependencies = (
				40E497FD1C5EBB8D00ECB5F1 /* PBXTargetDependency */,
			);
			name = "Diabetes InformationUITests";
			productName = "Diabetes InformationUITests";
			productReference = 40E497FB1C5EBB8D00ECB5F1 /* Diabetes InformationUITests.xctest */;
			productType = "com.apple.product-type.bundle.ui-testing";
		};
/* End PBXNativeTarget section */

/* Begin PBXProject section */
		40E497D41C5EBB8C00ECB5F1 /* Project object */ = {
			isa = PBXProject;
			attributes = {
				LastSwiftUpdateCheck = 0720;
				LastUpgradeCheck = 0720;
				ORGANIZATIONNAME = "Comp 4710 Group 5";
				TargetAttributes = {
					40E497DB1C5EBB8C00ECB5F1 = {
						CreatedOnToolsVersion = 7.2;
					};
					40E497EF1C5EBB8D00ECB5F1 = {
						CreatedOnToolsVersion = 7.2;
						TestTargetID = 40E497DB1C5EBB8C00ECB5F1;
					};
					40E497FA1C5EBB8D00ECB5F1 = {
						CreatedOnToolsVersion = 7.2;
						TestTargetID = 40E497DB1C5EBB8C00ECB5F1;
					};
				};
			};
			buildConfigurationList = 40E497D71C5EBB8C00ECB5F1 /* Build configuration list for PBXProject "Diabetes Information" */;
			compatibilityVersion = "Xcode 3.2";
			developmentRegion = English;
			hasScannedForEncodings = 0;
			knownRegions = (
				en,
				Base,
			);
			mainGroup = 40E497D31C5EBB8C00ECB5F1;
			productRefGroup = 40E497DD1C5EBB8C00ECB5F1 /* Products */;
			projectDirPath = "";
			projectRoot = "";
			targets = (
				40E497DB1C5EBB8C00ECB5F1 /* Diabetes Information */,
				40E497EF1C5EBB8D00ECB5F1 /* Diabetes InformationTests */,
				40E497FA1C5EBB8D00ECB5F1 /* Diabetes InformationUITests */,
			);
		};
/* End PBXProject section */

/* Begin PBXResourcesBuildPhase section */
		40E497DA1C5EBB8C00ECB5F1 /* Resources */ = {
			isa = PBXResourcesBuildPhase;
			buildActionMask = 2147483647;
			files = (
				40E497EA1C5EBB8C00ECB5F1 /* LaunchScreen.storyboard in Resources */,
				F90E8D721CB1A63B007DF51D /* snickers.png in Resources */,
				F90E8D7C1CB1A664007DF51D /* NoFreezer.png in Resources */,
				F90E8D761CB1A648007DF51D /* cabinet.png in Resources */,
				F90E8D7A1CB1A660007DF51D /* no-cars1.png in Resources */,
				7315F6B61C8F6C34009D9320 /* BloodSugar.storyboard in Resources */,
				F90E8D781CB1A65B007DF51D /* insulincooler.png in Resources */,
				73C8ED0D1C8E1CCB00A4FCEE /* Exercise.storyboard in Resources */,
				F90E8D7E1CB1A7FE007DF51D /* insulinvial.png in Resources */,
				7315F6B91C8F7072009D9320 /* Insulin.storyboard in Resources */,
				7315F6BD1C8F7666009D9320 /* Complications.storyboard in Resources */,
				F96A29AA1C61999C007D9A54 /* Screen Shot 2016-02-02 at 8.09.46 PM.png in Resources */,
				F90E8D6E1CB1A5BC007DF51D /* Pics in Resources */,
				F90E8D741CB1A642007DF51D /* FDA_Nutrition_Facts_Label_2006.png in Resources */,
				40E497E71C5EBB8C00ECB5F1 /* Assets.xcassets in Resources */,
				7315F6B31C8F6629009D9320 /* HealthyEating.storyboard in Resources */,
				F90E8D701CB1A61F007DF51D /* chips.png in Resources */,
				40E497E51C5EBB8C00ECB5F1 /* Main.storyboard in Resources */,
			);
			runOnlyForDeploymentPostprocessing = 0;
		};
		40E497EE1C5EBB8D00ECB5F1 /* Resources */ = {
			isa = PBXResourcesBuildPhase;
			buildActionMask = 2147483647;
			files = (
			);
			runOnlyForDeploymentPostprocessing = 0;
		};
		40E497F91C5EBB8D00ECB5F1 /* Resources */ = {
			isa = PBXResourcesBuildPhase;
			buildActionMask = 2147483647;
			files = (
			);
			runOnlyForDeploymentPostprocessing = 0;
		};
/* End PBXResourcesBuildPhase section */

/* Begin PBXSourcesBuildPhase section */
		40E497D81C5EBB8C00ECB5F1 /* Sources */ = {
			isa = PBXSourcesBuildPhase;
			buildActionMask = 2147483647;
			files = (
				40E497E21C5EBB8C00ECB5F1 /* ViewController.swift in Sources */,
				73C8ED0A1C8E108500A4FCEE /* SickDaysViewController.swift in Sources */,
				40E497E01C5EBB8C00ECB5F1 /* AppDelegate.swift in Sources */,
				404C8EBF1C691BB8000C676F /* CountingCarbsViewController.swift in Sources */,
				73B8E1881C728221008DC8DA /* ExerciseGeneralTipsViewController.swift in Sources */,
				F94A7A9B1C6FD23C00F4FF0E /* DrawInsulinViewController.swift in Sources */,
				7342F7751C7B918D00F6FC0E /* ExerciseAndBloodViewController.swift in Sources */,
				40E498101C5EC52100ECB5F1 /* ViewController3.swift in Sources */,
				40E4980E1C5EC4BF00ECB5F1 /* ViewController2.swift in Sources */,
				73F8592F1C63BD13003DDFF9 /* DiabetesInformationQuizModel.swift in Sources */,
				F9571B471C7A5012003557DA /* InsulinBasicsViewController.swift in Sources */,
				174798761C72667B004D75A6 /* PreventComplicationsViewController.swift in Sources */,
				7332948C1C63E70900159952 /* GeneralTipsViewController.swift in Sources */,
				F9689B281C8DF9AC0054CEF7 /* SugarLevelPageViewController.swift in Sources */,
				7316255A1C69419C0080EA25 /* CountingCarbsFinal.swift in Sources */,
				F9689B271C8DF9AC0054CEF7 /* CheckSugarPageViewController.swift in Sources */,
			);
			runOnlyForDeploymentPostprocessing = 0;
		};
		40E497EC1C5EBB8D00ECB5F1 /* Sources */ = {
			isa = PBXSourcesBuildPhase;
			buildActionMask = 2147483647;
			files = (
				40E498131C5EC87F00ECB5F1 /* ViewController.swift in Sources */,
				40E497F51C5EBB8D00ECB5F1 /* Diabetes_InformationTests.swift in Sources */,
				40E498111C5EC86E00ECB5F1 /* ViewController2.swift in Sources */,
			);
			runOnlyForDeploymentPostprocessing = 0;
		};
		40E497F71C5EBB8D00ECB5F1 /* Sources */ = {
			isa = PBXSourcesBuildPhase;
			buildActionMask = 2147483647;
			files = (
				40E498141C5EC87F00ECB5F1 /* ViewController.swift in Sources */,
				40E498001C5EBB8D00ECB5F1 /* Diabetes_InformationUITests.swift in Sources */,
				40E498121C5EC86E00ECB5F1 /* ViewController2.swift in Sources */,
			);
			runOnlyForDeploymentPostprocessing = 0;
		};
/* End PBXSourcesBuildPhase section */

/* Begin PBXTargetDependency section */
		40E497F21C5EBB8D00ECB5F1 /* PBXTargetDependency */ = {
			isa = PBXTargetDependency;
			target = 40E497DB1C5EBB8C00ECB5F1 /* Diabetes Information */;
			targetProxy = 40E497F11C5EBB8D00ECB5F1 /* PBXContainerItemProxy */;
		};
		40E497FD1C5EBB8D00ECB5F1 /* PBXTargetDependency */ = {
			isa = PBXTargetDependency;
			target = 40E497DB1C5EBB8C00ECB5F1 /* Diabetes Information */;
			targetProxy = 40E497FC1C5EBB8D00ECB5F1 /* PBXContainerItemProxy */;
		};
/* End PBXTargetDependency section */

/* Begin PBXVariantGroup section */
		40E497E31C5EBB8C00ECB5F1 /* Main.storyboard */ = {
			isa = PBXVariantGroup;
			children = (
				40E497E41C5EBB8C00ECB5F1 /* Base */,
			);
			name = Main.storyboard;
			sourceTree = "<group>";
		};
		40E497E81C5EBB8C00ECB5F1 /* LaunchScreen.storyboard */ = {
			isa = PBXVariantGroup;
			children = (
				40E497E91C5EBB8C00ECB5F1 /* Base */,
			);
			name = LaunchScreen.storyboard;
			sourceTree = "<group>";
		};
/* End PBXVariantGroup section */

/* Begin XCBuildConfiguration section */
		40E498021C5EBB8D00ECB5F1 /* Debug */ = {
			isa = XCBuildConfiguration;
			buildSettings = {
				ALWAYS_SEARCH_USER_PATHS = NO;
				CLANG_CXX_LANGUAGE_STANDARD = "gnu++0x";
				CLANG_CXX_LIBRARY = "libc++";
				CLANG_ENABLE_MODULES = YES;
				CLANG_ENABLE_OBJC_ARC = YES;
				CLANG_WARN_BOOL_CONVERSION = YES;
				CLANG_WARN_CONSTANT_CONVERSION = YES;
				CLANG_WARN_DIRECT_OBJC_ISA_USAGE = YES_ERROR;
				CLANG_WARN_EMPTY_BODY = YES;
				CLANG_WARN_ENUM_CONVERSION = YES;
				CLANG_WARN_INT_CONVERSION = YES;
				CLANG_WARN_OBJC_ROOT_CLASS = YES_ERROR;
				CLANG_WARN_UNREACHABLE_CODE = YES;
				CLANG_WARN__DUPLICATE_METHOD_MATCH = YES;
				"CODE_SIGN_IDENTITY[sdk=iphoneos*]" = "iPhone Developer";
				COPY_PHASE_STRIP = NO;
				DEBUG_INFORMATION_FORMAT = dwarf;
				ENABLE_STRICT_OBJC_MSGSEND = YES;
				ENABLE_TESTABILITY = YES;
				GCC_C_LANGUAGE_STANDARD = gnu99;
				GCC_DYNAMIC_NO_PIC = NO;
				GCC_NO_COMMON_BLOCKS = YES;
				GCC_OPTIMIZATION_LEVEL = 0;
				GCC_PREPROCESSOR_DEFINITIONS = (
					"DEBUG=1",
					"$(inherited)",
				);
				GCC_WARN_64_TO_32_BIT_CONVERSION = YES;
				GCC_WARN_ABOUT_RETURN_TYPE = YES_ERROR;
				GCC_WARN_UNDECLARED_SELECTOR = YES;
				GCC_WARN_UNINITIALIZED_AUTOS = YES_AGGRESSIVE;
				GCC_WARN_UNUSED_FUNCTION = YES;
				GCC_WARN_UNUSED_VARIABLE = YES;
				IPHONEOS_DEPLOYMENT_TARGET = 9.2;
				MTL_ENABLE_DEBUG_INFO = YES;
				ONLY_ACTIVE_ARCH = YES;
				SDKROOT = iphoneos;
				SWIFT_OPTIMIZATION_LEVEL = "-Onone";
				TARGETED_DEVICE_FAMILY = 2;
			};
			name = Debug;
		};
		40E498031C5EBB8D00ECB5F1 /* Release */ = {
			isa = XCBuildConfiguration;
			buildSettings = {
				ALWAYS_SEARCH_USER_PATHS = NO;
				CLANG_CXX_LANGUAGE_STANDARD = "gnu++0x";
				CLANG_CXX_LIBRARY = "libc++";
				CLANG_ENABLE_MODULES = YES;
				CLANG_ENABLE_OBJC_ARC = YES;
				CLANG_WARN_BOOL_CONVERSION = YES;
				CLANG_WARN_CONSTANT_CONVERSION = YES;
				CLANG_WARN_DIRECT_OBJC_ISA_USAGE = YES_ERROR;
				CLANG_WARN_EMPTY_BODY = YES;
				CLANG_WARN_ENUM_CONVERSION = YES;
				CLANG_WARN_INT_CONVERSION = YES;
				CLANG_WARN_OBJC_ROOT_CLASS = YES_ERROR;
				CLANG_WARN_UNREACHABLE_CODE = YES;
				CLANG_WARN__DUPLICATE_METHOD_MATCH = YES;
				"CODE_SIGN_IDENTITY[sdk=iphoneos*]" = "iPhone Developer";
				COPY_PHASE_STRIP = NO;
				DEBUG_INFORMATION_FORMAT = "dwarf-with-dsym";
				ENABLE_NS_ASSERTIONS = NO;
				ENABLE_STRICT_OBJC_MSGSEND = YES;
				GCC_C_LANGUAGE_STANDARD = gnu99;
				GCC_NO_COMMON_BLOCKS = YES;
				GCC_WARN_64_TO_32_BIT_CONVERSION = YES;
				GCC_WARN_ABOUT_RETURN_TYPE = YES_ERROR;
				GCC_WARN_UNDECLARED_SELECTOR = YES;
				GCC_WARN_UNINITIALIZED_AUTOS = YES_AGGRESSIVE;
				GCC_WARN_UNUSED_FUNCTION = YES;
				GCC_WARN_UNUSED_VARIABLE = YES;
				IPHONEOS_DEPLOYMENT_TARGET = 9.2;
				MTL_ENABLE_DEBUG_INFO = NO;
				SDKROOT = iphoneos;
				TARGETED_DEVICE_FAMILY = 2;
				VALIDATE_PRODUCT = YES;
			};
			name = Release;
		};
		40E498051C5EBB8D00ECB5F1 /* Debug */ = {
			isa = XCBuildConfiguration;
			buildSettings = {
				ASSETCATALOG_COMPILER_APPICON_NAME = AppIcon;
				INFOPLIST_FILE = "Diabetes Information/Info.plist";
				LD_RUNPATH_SEARCH_PATHS = "$(inherited) @executable_path/Frameworks";
				PRODUCT_BUNDLE_IDENTIFIER = "Comp4710.Group5.Diabetes-Information";
				PRODUCT_NAME = "$(TARGET_NAME)";
			};
			name = Debug;
		};
		40E498061C5EBB8D00ECB5F1 /* Release */ = {
			isa = XCBuildConfiguration;
			buildSettings = {
				ASSETCATALOG_COMPILER_APPICON_NAME = AppIcon;
				INFOPLIST_FILE = "Diabetes Information/Info.plist";
				LD_RUNPATH_SEARCH_PATHS = "$(inherited) @executable_path/Frameworks";
				PRODUCT_BUNDLE_IDENTIFIER = "Comp4710.Group5.Diabetes-Information";
				PRODUCT_NAME = "$(TARGET_NAME)";
			};
			name = Release;
		};
		40E498081C5EBB8D00ECB5F1 /* Debug */ = {
			isa = XCBuildConfiguration;
			buildSettings = {
				BUNDLE_LOADER = "$(TEST_HOST)";
				INFOPLIST_FILE = "Diabetes InformationTests/Info.plist";
				LD_RUNPATH_SEARCH_PATHS = "$(inherited) @executable_path/Frameworks @loader_path/Frameworks";
				PRODUCT_BUNDLE_IDENTIFIER = "Comp4710.Group5.Diabetes-InformationTests";
				PRODUCT_NAME = "$(TARGET_NAME)";
				TEST_HOST = "$(BUILT_PRODUCTS_DIR)/Diabetes Information.app/Diabetes Information";
			};
			name = Debug;
		};
		40E498091C5EBB8D00ECB5F1 /* Release */ = {
			isa = XCBuildConfiguration;
			buildSettings = {
				BUNDLE_LOADER = "$(TEST_HOST)";
				INFOPLIST_FILE = "Diabetes InformationTests/Info.plist";
				LD_RUNPATH_SEARCH_PATHS = "$(inherited) @executable_path/Frameworks @loader_path/Frameworks";
				PRODUCT_BUNDLE_IDENTIFIER = "Comp4710.Group5.Diabetes-InformationTests";
				PRODUCT_NAME = "$(TARGET_NAME)";
				TEST_HOST = "$(BUILT_PRODUCTS_DIR)/Diabetes Information.app/Diabetes Information";
			};
			name = Release;
		};
		40E4980B1C5EBB8D00ECB5F1 /* Debug */ = {
			isa = XCBuildConfiguration;
			buildSettings = {
				INFOPLIST_FILE = "Diabetes InformationUITests/Info.plist";
				LD_RUNPATH_SEARCH_PATHS = "$(inherited) @executable_path/Frameworks @loader_path/Frameworks";
				PRODUCT_BUNDLE_IDENTIFIER = "Comp4710.Group5.Diabetes-InformationUITests";
				PRODUCT_NAME = "$(TARGET_NAME)";
				TEST_TARGET_NAME = "Diabetes Information";
				USES_XCTRUNNER = YES;
			};
			name = Debug;
		};
		40E4980C1C5EBB8D00ECB5F1 /* Release */ = {
			isa = XCBuildConfiguration;
			buildSettings = {
				INFOPLIST_FILE = "Diabetes InformationUITests/Info.plist";
				LD_RUNPATH_SEARCH_PATHS = "$(inherited) @executable_path/Frameworks @loader_path/Frameworks";
				PRODUCT_BUNDLE_IDENTIFIER = "Comp4710.Group5.Diabetes-InformationUITests";
				PRODUCT_NAME = "$(TARGET_NAME)";
				TEST_TARGET_NAME = "Diabetes Information";
				USES_XCTRUNNER = YES;
			};
			name = Release;
		};
/* End XCBuildConfiguration section */

/* Begin XCConfigurationList section */
		40E497D71C5EBB8C00ECB5F1 /* Build configuration list for PBXProject "Diabetes Information" */ = {
			isa = XCConfigurationList;
			buildConfigurations = (
				40E498021C5EBB8D00ECB5F1 /* Debug */,
				40E498031C5EBB8D00ECB5F1 /* Release */,
			);
			defaultConfigurationIsVisible = 0;
			defaultConfigurationName = Release;
		};
		40E498041C5EBB8D00ECB5F1 /* Build configuration list for PBXNativeTarget "Diabetes Information" */ = {
			isa = XCConfigurationList;
			buildConfigurations = (
				40E498051C5EBB8D00ECB5F1 /* Debug */,
				40E498061C5EBB8D00ECB5F1 /* Release */,
			);
			defaultConfigurationIsVisible = 0;
			defaultConfigurationName = Release;
		};
		40E498071C5EBB8D00ECB5F1 /* Build configuration list for PBXNativeTarget "Diabetes InformationTests" */ = {
			isa = XCConfigurationList;
			buildConfigurations = (
				40E498081C5EBB8D00ECB5F1 /* Debug */,
				40E498091C5EBB8D00ECB5F1 /* Release */,
			);
			defaultConfigurationIsVisible = 0;
			defaultConfigurationName = Release;
		};
		40E4980A1C5EBB8D00ECB5F1 /* Build configuration list for PBXNativeTarget "Diabetes InformationUITests" */ = {
			isa = XCConfigurationList;
			buildConfigurations = (
				40E4980B1C5EBB8D00ECB5F1 /* Debug */,
				40E4980C1C5EBB8D00ECB5F1 /* Release */,
			);
			defaultConfigurationIsVisible = 0;
			defaultConfigurationName = Release;
		};
/* End XCConfigurationList section */
	};
	rootObject = 40E497D41C5EBB8C00ECB5F1 /* Project object */;
}
